
Microsoft Visual Studio Solution File, Format Version 12.00
# Visual Studio 15
VisualStudioVersion = 15.0.27703.2042
MinimumVisualStudioVersion = 10.0.40219.1
Project("{FAE04EC0-301F-11D3-BF4B-00C04F79EFBC}") = "EventHubLoader", "EventHubLoader\EventHubLoader.csproj", "{49DC7BF3-1164-44C2-BAE2-DCB5E32312EA}"
EndProject
Global
	GlobalSection(SolutionConfigurationPlatforms) = preSolution
		Debug|Any CPU = Debug|Any CPU
		Release|Any CPU = Release|Any CPU
	EndGlobalSection
	GlobalSection(ProjectConfigurationPlatforms) = postSolution
		{49DC7BF3-1164-44C2-BAE2-DCB5E32312EA}.Debug|Any CPU.ActiveCfg = Debug|Any CPU
		{49DC7BF3-1164-44C2-BAE2-DCB5E32312EA}.Debug|Any CPU.Build.0 = Debug|Any CPU
		{49DC7BF3-1164-44C2-BAE2-DCB5E32312EA}.Release|Any CPU.ActiveCfg = Release|Any CPU
		{49DC7BF3-1164-44C2-BAE2-DCB5E32312EA}.Release|Any CPU.Build.0 = Release|Any CPU
	EndGlobalSection
	GlobalSection(SolutionProperties) = preSolution
		HideSolutionNode = FALSE
	EndGlobalSection
	GlobalSection(ExtensibilityGlobals) = postSolution
		SolutionGuid = {AFB77BEE-F0DC-4675-9BF6-75F61B1167E7}
	EndGlobalSection
EndGlobal
